
Microsoft Visual Studio Solution File, Format Version 12.00
# Visual Studio 15
VisualStudioVersion = 15.0.28307.438
MinimumVisualStudioVersion = 10.0.40219.1
Project("{8BC9CEB8-8B4A-11D0-8D11-00A0C91BC942}") = "kLog", "kLog\kLog.vcxproj", "{9A52F4F6-13D2-4DE6-89C6-91EBCA2A8620}"
EndProject
Project("{8BC9CEB8-8B4A-11D0-8D11-00A0C91BC942}") = "kLogLib", "kLogLib\kLogLib.vcxproj", "{2891AE13-16C2-45B7-AAA5-42FE86909395}"
EndProject
Global
	GlobalSection(SolutionConfigurationPlatforms) = preSolution
		Debug|ARM = Debug|ARM
		Debug|ARM64 = Debug|ARM64
		Debug|x64 = Debug|x64
		Debug|x86 = Debug|x86
		Release|ARM = Release|ARM
		Release|ARM64 = Release|ARM64
		Release|x64 = Release|x64
		Release|x86 = Release|x86
	EndGlobalSection
	GlobalSection(ProjectConfigurationPlatforms) = postSolution
		{9A52F4F6-13D2-4DE6-89C6-91EBCA2A8620}.Debug|ARM.ActiveCfg = Debug|ARM
		{9A52F4F6-13D2-4DE6-89C6-91EBCA2A8620}.Debug|ARM.Build.0 = Debug|ARM
		{9A52F4F6-13D2-4DE6-89C6-91EBCA2A8620}.Debug|ARM.Deploy.0 = Debug|ARM
		{9A52F4F6-13D2-4DE6-89C6-91EBCA2A8620}.Debug|ARM64.ActiveCfg = Debug|ARM64
		{9A52F4F6-13D2-4DE6-89C6-91EBCA2A8620}.Debug|ARM64.Build.0 = Debug|ARM64
		{9A52F4F6-13D2-4DE6-89C6-91EBCA2A8620}.Debug|ARM64.Deploy.0 = Debug|ARM64
		{9A52F4F6-13D2-4DE6-89C6-91EBCA2A8620}.Debug|x64.ActiveCfg = Debug|x64
		{9A52F4F6-13D2-4DE6-89C6-91EBCA2A8620}.Debug|x64.Build.0 = Debug|x64
		{9A52F4F6-13D2-4DE6-89C6-91EBCA2A8620}.Debug|x64.Deploy.0 = Debug|x64
		{9A52F4F6-13D2-4DE6-89C6-91EBCA2A8620}.Debug|x86.ActiveCfg = Debug|Win32
		{9A52F4F6-13D2-4DE6-89C6-91EBCA2A8620}.Debug|x86.Build.0 = Debug|Win32
		{9A52F4F6-13D2-4DE6-89C6-91EBCA2A8620}.Debug|x86.Deploy.0 = Debug|Win32
		{9A52F4F6-13D2-4DE6-89C6-91EBCA2A8620}.Release|ARM.ActiveCfg = Release|ARM
		{9A52F4F6-13D2-4DE6-89C6-91EBCA2A8620}.Release|ARM.Build.0 = Release|ARM
		{9A52F4F6-13D2-4DE6-89C6-91EBCA2A8620}.Release|ARM.Deploy.0 = Release|ARM
		{9A52F4F6-13D2-4DE6-89C6-91EBCA2A8620}.Release|ARM64.ActiveCfg = Release|ARM64
		{9A52F4F6-13D2-4DE6-89C6-91EBCA2A8620}.Release|ARM64.Build.0 = Release|ARM64
		{9A52F4F6-13D2-4DE6-89C6-91EBCA2A8620}.Release|ARM64.Deploy.0 = Release|ARM64
		{9A52F4F6-13D2-4DE6-89C6-91EBCA2A8620}.Release|x64.ActiveCfg = Release|x64
		{9A52F4F6-13D2-4DE6-89C6-91EBCA2A8620}.Release|x64.Build.0 = Release|x64
		{9A52F4F6-13D2-4DE6-89C6-91EBCA2A8620}.Release|x64.Deploy.0 = Release|x64
		{9A52F4F6-13D2-4DE6-89C6-91EBCA2A8620}.Release|x86.ActiveCfg = Release|Win32
		{9A52F4F6-13D2-4DE6-89C6-91EBCA2A8620}.Release|x86.Build.0 = Release|Win32
		{9A52F4F6-13D2-4DE6-89C6-91EBCA2A8620}.Release|x86.Deploy.0 = Release|Win32
		{2891AE13-16C2-45B7-AAA5-42FE86909395}.Debug|ARM.ActiveCfg = Debug|ARM
		{2891AE13-16C2-45B7-AAA5-42FE86909395}.Debug|ARM.Build.0 = Debug|ARM
		{2891AE13-16C2-45B7-AAA5-42FE86909395}.Debug|ARM.Deploy.0 = Debug|ARM
		{2891AE13-16C2-45B7-AAA5-42FE86909395}.Debug|ARM64.ActiveCfg = Debug|ARM64
		{2891AE13-16C2-45B7-AAA5-42FE86909395}.Debug|ARM64.Build.0 = Debug|ARM64
		{2891AE13-16C2-45B7-AAA5-42FE86909395}.Debug|ARM64.Deploy.0 = Debug|ARM64
		{2891AE13-16C2-45B7-AAA5-42FE86909395}.Debug|x64.ActiveCfg = Debug|x64
		{2891AE13-16C2-45B7-AAA5-42FE86909395}.Debug|x64.Build.0 = Debug|x64
		{2891AE13-16C2-45B7-AAA5-42FE86909395}.Debug|x64.Deploy.0 = Debug|x64
		{2891AE13-16C2-45B7-AAA5-42FE86909395}.Debug|x86.ActiveCfg = Debug|Win32
		{2891AE13-16C2-45B7-AAA5-42FE86909395}.Debug|x86.Build.0 = Debug|Win32
		{2891AE13-16C2-45B7-AAA5-42FE86909395}.Debug|x86.Deploy.0 = Debug|Win32
		{2891AE13-16C2-45B7-AAA5-42FE86909395}.Release|ARM.ActiveCfg = Release|ARM
		{2891AE13-16C2-45B7-AAA5-42FE86909395}.Release|ARM.Build.0 = Release|ARM
		{2891AE13-16C2-45B7-AAA5-42FE86909395}.Release|ARM.Deploy.0 = Release|ARM
		{2891AE13-16C2-45B7-AAA5-42FE86909395}.Release|ARM64.ActiveCfg = Release|ARM64
		{2891AE13-16C2-45B7-AAA5-42FE86909395}.Release|ARM64.Build.0 = Release|ARM64
		{2891AE13-16C2-45B7-AAA5-42FE86909395}.Release|ARM64.Deploy.0 = Release|ARM64
		{2891AE13-16C2-45B7-AAA5-42FE86909395}.Release|x64.ActiveCfg = Release|x64
		{2891AE13-16C2-45B7-AAA5-42FE86909395}.Release|x64.Build.0 = Release|x64
		{2891AE13-16C2-45B7-AAA5-42FE86909395}.Release|x64.Deploy.0 = Release|x64
		{2891AE13-16C2-45B7-AAA5-42FE86909395}.Release|x86.ActiveCfg = Release|Win32
		{2891AE13-16C2-45B7-AAA5-42FE86909395}.Release|x86.Build.0 = Release|Win32
		{2891AE13-16C2-45B7-AAA5-42FE86909395}.Release|x86.Deploy.0 = Release|Win32
	EndGlobalSection
	GlobalSection(SolutionProperties) = preSolution
		HideSolutionNode = FALSE
	EndGlobalSection
	GlobalSection(ExtensibilityGlobals) = postSolution
		SolutionGuid = {69F2CB62-DFD5-45F6-AF02-A5ADF0B2DAF2}
	EndGlobalSection
EndGlobal
